
Microsoft Visual Studio Solution File, Format Version 12.00
# Visual Studio 15
VisualStudioVersion = 15.0.27130.2036
MinimumVisualStudioVersion = 10.0.40219.1
Project("{9A19103F-16F7-4668-BE54-9A1E7A4F7556}") = "Farmacia.COMMON", "Farmacia.COMMON\Farmacia.COMMON.csproj", "{39EB93FE-1875-4D8F-A9AB-EF7688E637A7}"
EndProject
Project("{FAE04EC0-301F-11D3-BF4B-00C04F79EFBC}") = "Farmacia.DAL", "Farmacia.DAL\Farmacia.DAL.csproj", "{29D1ABE0-AA83-490E-861B-5C555679ECF4}"
EndProject
Project("{FAE04EC0-301F-11D3-BF4B-00C04F79EFBC}") = "Farmacia.BIZ", "Farmacia.BIZ\Farmacia.BIZ.csproj", "{FC0AFE65-508B-4C1E-B229-A53367814009}"
EndProject
Global
	GlobalSection(SolutionConfigurationPlatforms) = preSolution
		Debug|Any CPU = Debug|Any CPU
		Release|Any CPU = Release|Any CPU
	EndGlobalSection
	GlobalSection(ProjectConfigurationPlatforms) = postSolution
		{39EB93FE-1875-4D8F-A9AB-EF7688E637A7}.Debug|Any CPU.ActiveCfg = Debug|Any CPU
		{39EB93FE-1875-4D8F-A9AB-EF7688E637A7}.Debug|Any CPU.Build.0 = Debug|Any CPU
		{39EB93FE-1875-4D8F-A9AB-EF7688E637A7}.Release|Any CPU.ActiveCfg = Release|Any CPU
		{39EB93FE-1875-4D8F-A9AB-EF7688E637A7}.Release|Any CPU.Build.0 = Release|Any CPU
		{29D1ABE0-AA83-490E-861B-5C555679ECF4}.Debug|Any CPU.ActiveCfg = Debug|Any CPU
		{29D1ABE0-AA83-490E-861B-5C555679ECF4}.Debug|Any CPU.Build.0 = Debug|Any CPU
		{29D1ABE0-AA83-490E-861B-5C555679ECF4}.Release|Any CPU.ActiveCfg = Release|Any CPU
		{29D1ABE0-AA83-490E-861B-5C555679ECF4}.Release|Any CPU.Build.0 = Release|Any CPU
		{FC0AFE65-508B-4C1E-B229-A53367814009}.Debug|Any CPU.ActiveCfg = Debug|Any CPU
		{FC0AFE65-508B-4C1E-B229-A53367814009}.Debug|Any CPU.Build.0 = Debug|Any CPU
		{FC0AFE65-508B-4C1E-B229-A53367814009}.Release|Any CPU.ActiveCfg = Release|Any CPU
		{FC0AFE65-508B-4C1E-B229-A53367814009}.Release|Any CPU.Build.0 = Release|Any CPU
	EndGlobalSection
	GlobalSection(SolutionProperties) = preSolution
		HideSolutionNode = FALSE
	EndGlobalSection
	GlobalSection(ExtensibilityGlobals) = postSolution
		SolutionGuid = {A8D45D2A-A31D-4D94-90BC-396B89C62CAF}
	EndGlobalSection
EndGlobal
